{
  "name": "tests",
  "lockfileVersion": 2,
  "requires": true,
  "packages": {
    "": {
      "dependencies": {
        "jquery": "^3.1.1"
      }
    },
    "node_modules/jquery": {
      "version": "3.1.1",
      "resolved": "https://registry.npmjs.org/jquery/-/jquery-3.1.1.tgz",
      "integrity": "sha512-zuiWRmx65Kd1oFGdWLvAjbsumdOBFvs3r1vuqCyKFF79R7exBHNbiNEJ8LR+xkzgfxqBznMD/4Cv6PHXS6mvEw=="
    }
  },
  "dependencies": {
    "jquery": {
      "version": "3.1.1",
      "resolved": "https://registry.npmjs.org/jquery/-/jquery-3.1.1.tgz",
      "integrity": "sha512-zuiWRmx65Kd1oFGdWLvAjbsumdOBFvs3r1vuqCyKFF79R7exBHNbiNEJ8LR+xkzgfxqBznMD/4Cv6PHXS6mvEw=="
    }
  }
}
